
Microsoft Visual Studio Solution File, Format Version 12.00
# Visual Studio Version 17
VisualStudioVersion = 17.14.36109.1 d17.14
MinimumVisualStudioVersion = 10.0.40219.1
Project("{8BC9CEB8-8B4A-11D0-8D11-00A0C91BC942}") = "SumMatrixColumns", "SumMatrixColumns\SumMatrixColumns.vcxproj", "{EBAEDAE9-14A2-4423-B2D5-2FA67F33B97D}"
EndProject
Project("{8BC9CEB8-8B4A-11D0-8D11-00A0C91BC942}") = "PrimaryDiagonal", "PrimaryDiagonal\PrimaryDiagonal.vcxproj", "{9E6D1ECD-4F59-4B65-963E-54252568A5D0}"
EndProject
Project("{8BC9CEB8-8B4A-11D0-8D11-00A0C91BC942}") = "SymbolInMatrix", "SymbolInMatrix\SymbolInMatrix.vcxproj", "{508E9517-9A85-4F74-BACE-504F313CD39D}"
EndProject
Project("{8BC9CEB8-8B4A-11D0-8D11-00A0C91BC942}") = "DiagonalDifference", "DiagonalDifference\DiagonalDifference.vcxproj", "{D04E19EC-880F-4B0A-B418-8B109E08CAE1}"
EndProject
Global
	GlobalSection(SolutionConfigurationPlatforms) = preSolution
		Debug|x64 = Debug|x64
		Debug|x86 = Debug|x86
		Release|x64 = Release|x64
		Release|x86 = Release|x86
	EndGlobalSection
	GlobalSection(ProjectConfigurationPlatforms) = postSolution
		{EBAEDAE9-14A2-4423-B2D5-2FA67F33B97D}.Debug|x64.ActiveCfg = Debug|x64
		{EBAEDAE9-14A2-4423-B2D5-2FA67F33B97D}.Debug|x64.Build.0 = Debug|x64
		{EBAEDAE9-14A2-4423-B2D5-2FA67F33B97D}.Debug|x86.ActiveCfg = Debug|Win32
		{EBAEDAE9-14A2-4423-B2D5-2FA67F33B97D}.Debug|x86.Build.0 = Debug|Win32
		{EBAEDAE9-14A2-4423-B2D5-2FA67F33B97D}.Release|x64.ActiveCfg = Release|x64
		{EBAEDAE9-14A2-4423-B2D5-2FA67F33B97D}.Release|x64.Build.0 = Release|x64
		{EBAEDAE9-14A2-4423-B2D5-2FA67F33B97D}.Release|x86.ActiveCfg = Release|Win32
		{EBAEDAE9-14A2-4423-B2D5-2FA67F33B97D}.Release|x86.Build.0 = Release|Win32
		{9E6D1ECD-4F59-4B65-963E-54252568A5D0}.Debug|x64.ActiveCfg = Debug|x64
		{9E6D1ECD-4F59-4B65-963E-54252568A5D0}.Debug|x64.Build.0 = Debug|x64
		{9E6D1ECD-4F59-4B65-963E-54252568A5D0}.Debug|x86.ActiveCfg = Debug|Win32
		{9E6D1ECD-4F59-4B65-963E-54252568A5D0}.Debug|x86.Build.0 = Debug|Win32
		{9E6D1ECD-4F59-4B65-963E-54252568A5D0}.Release|x64.ActiveCfg = Release|x64
		{9E6D1ECD-4F59-4B65-963E-54252568A5D0}.Release|x64.Build.0 = Release|x64
		{9E6D1ECD-4F59-4B65-963E-54252568A5D0}.Release|x86.ActiveCfg = Release|Win32
		{9E6D1ECD-4F59-4B65-963E-54252568A5D0}.Release|x86.Build.0 = Release|Win32
		{508E9517-9A85-4F74-BACE-504F313CD39D}.Debug|x64.ActiveCfg = Debug|x64
		{508E9517-9A85-4F74-BACE-504F313CD39D}.Debug|x64.Build.0 = Debug|x64
		{508E9517-9A85-4F74-BACE-504F313CD39D}.Debug|x86.ActiveCfg = Debug|Win32
		{508E9517-9A85-4F74-BACE-504F313CD39D}.Debug|x86.Build.0 = Debug|Win32
		{508E9517-9A85-4F74-BACE-504F313CD39D}.Release|x64.ActiveCfg = Release|x64
		{508E9517-9A85-4F74-BACE-504F313CD39D}.Release|x64.Build.0 = Release|x64
		{508E9517-9A85-4F74-BACE-504F313CD39D}.Release|x86.ActiveCfg = Release|Win32
		{508E9517-9A85-4F74-BACE-504F313CD39D}.Release|x86.Build.0 = Release|Win32
		{D04E19EC-880F-4B0A-B418-8B109E08CAE1}.Debug|x64.ActiveCfg = Debug|x64
		{D04E19EC-880F-4B0A-B418-8B109E08CAE1}.Debug|x64.Build.0 = Debug|x64
		{D04E19EC-880F-4B0A-B418-8B109E08CAE1}.Debug|x86.ActiveCfg = Debug|Win32
		{D04E19EC-880F-4B0A-B418-8B109E08CAE1}.Debug|x86.Build.0 = Debug|Win32
		{D04E19EC-880F-4B0A-B418-8B109E08CAE1}.Release|x64.ActiveCfg = Release|x64
		{D04E19EC-880F-4B0A-B418-8B109E08CAE1}.Release|x64.Build.0 = Release|x64
		{D04E19EC-880F-4B0A-B418-8B109E08CAE1}.Release|x86.ActiveCfg = Release|Win32
		{D04E19EC-880F-4B0A-B418-8B109E08CAE1}.Release|x86.Build.0 = Release|Win32
	EndGlobalSection
	GlobalSection(SolutionProperties) = preSolution
		HideSolutionNode = FALSE
	EndGlobalSection
	GlobalSection(ExtensibilityGlobals) = postSolution
		SolutionGuid = {25A7DB89-B8D3-404F-A357-0ACB538A3813}
	EndGlobalSection
EndGlobal
